
Microsoft Visual Studio Solution File, Format Version 12.00
# Visual Studio Version 16
VisualStudioVersion = 16.0.30523.141
MinimumVisualStudioVersion = 10.0.40219.1
Project("{FAE04EC0-301F-11D3-BF4B-00C04F79EFBC}") = "Muscles", "Muscles\Muscles.csproj", "{5217CE8C-85A3-490F-B89E-066B11997CFF}"
EndProject
Global
	GlobalSection(SolutionConfigurationPlatforms) = preSolution
		Debug|Any CPU = Debug|Any CPU
		Release|Any CPU = Release|Any CPU
	EndGlobalSection
	GlobalSection(ProjectConfigurationPlatforms) = postSolution
		{5217CE8C-85A3-490F-B89E-066B11997CFF}.Debug|Any CPU.ActiveCfg = Debug|Any CPU
		{5217CE8C-85A3-490F-B89E-066B11997CFF}.Debug|Any CPU.Build.0 = Debug|Any CPU
		{5217CE8C-85A3-490F-B89E-066B11997CFF}.Release|Any CPU.ActiveCfg = Release|Any CPU
		{5217CE8C-85A3-490F-B89E-066B11997CFF}.Release|Any CPU.Build.0 = Release|Any CPU
	EndGlobalSection
	GlobalSection(SolutionProperties) = preSolution
		HideSolutionNode = FALSE
	EndGlobalSection
	GlobalSection(ExtensibilityGlobals) = postSolution
		SolutionGuid = {782A3740-B509-4DDB-A11F-4EA046F5B08B}
	EndGlobalSection
EndGlobal
